
Microsoft Visual Studio Solution File, Format Version 12.00
# Visual Studio Version 17
VisualStudioVersion = 17.5.2.0
MinimumVisualStudioVersion = 10.0.40219.1
Project("{2150E333-8FDC-42A3-9474-1A3956D46DE8}") = "Aula2", "Aula2", "{D6782A36-904B-B642-DAE8-1EC182D14F10}"
EndProject
Project("{FAE04EC0-301F-11D3-BF4B-00C04F79EFBC}") = "Funcionario", "Aula2\Funcionario\Funcionario.csproj", "{13586DED-698B-A012-357F-4E2A64740ED3}"
EndProject
Project("{FAE04EC0-301F-11D3-BF4B-00C04F79EFBC}") = "Pecas", "Aula2\Pecas\Pecas.csproj", "{28A149C3-60DB-2392-B446-314335A94648}"
EndProject
Project("{2150E333-8FDC-42A3-9474-1A3956D46DE8}") = "Aula4", "Aula4", "{86FFF915-A70D-6D22-BBC9-936E523449E4}"
EndProject
Project("{FAE04EC0-301F-11D3-BF4B-00C04F79EFBC}") = "Exercico1", "Aula4\Exercico1\Exercico1.csproj", "{DC1379E1-A04A-4A9A-B2D5-B98AEABD5B7C}"
EndProject
Project("{FAE04EC0-301F-11D3-BF4B-00C04F79EFBC}") = "Exercicio3", "Aula4\Exercicio3\Exercicio3.csproj", "{7B0AC2FB-C97C-4FD8-AE4E-82DCC4CDA8D2}"
EndProject
Project("{2150E333-8FDC-42A3-9474-1A3956D46DE8}") = "Aula5", "Aula5", "{C9C22370-D9A2-AC29-050F-7139BECDFD26}"
EndProject
Project("{FAE04EC0-301F-11D3-BF4B-00C04F79EFBC}") = "Exercicio1", "Aula5\Exercicio1\Exercicio1.csproj", "{A32D60DD-BF6F-4FB2-83B7-53A0493041F6}"
EndProject
Project("{FAE04EC0-301F-11D3-BF4B-00C04F79EFBC}") = "Exercicio2", "Aula5\Exercicio2\Exercicio2.csproj", "{9E5F2CC6-3EEB-4A7F-AE9F-6308E4C369D9}"
EndProject
Project("{FAE04EC0-301F-11D3-BF4B-00C04F79EFBC}") = "Exercicio3", "Aula5\Exercicio3\Exercicio3.csproj", "{34802BFB-DD8B-4EA0-9C93-58DD015B2956}"
EndProject
Global
	GlobalSection(SolutionConfigurationPlatforms) = preSolution
		Debug|Any CPU = Debug|Any CPU
		Debug|x64 = Debug|x64
		Debug|x86 = Debug|x86
		Release|Any CPU = Release|Any CPU
		Release|x64 = Release|x64
		Release|x86 = Release|x86
	EndGlobalSection
	GlobalSection(ProjectConfigurationPlatforms) = postSolution
		{13586DED-698B-A012-357F-4E2A64740ED3}.Debug|Any CPU.ActiveCfg = Debug|Any CPU
		{13586DED-698B-A012-357F-4E2A64740ED3}.Debug|Any CPU.Build.0 = Debug|Any CPU
		{13586DED-698B-A012-357F-4E2A64740ED3}.Debug|x64.ActiveCfg = Debug|Any CPU
		{13586DED-698B-A012-357F-4E2A64740ED3}.Debug|x64.Build.0 = Debug|Any CPU
		{13586DED-698B-A012-357F-4E2A64740ED3}.Debug|x86.ActiveCfg = Debug|Any CPU
		{13586DED-698B-A012-357F-4E2A64740ED3}.Debug|x86.Build.0 = Debug|Any CPU
		{13586DED-698B-A012-357F-4E2A64740ED3}.Release|Any CPU.ActiveCfg = Release|Any CPU
		{13586DED-698B-A012-357F-4E2A64740ED3}.Release|Any CPU.Build.0 = Release|Any CPU
		{13586DED-698B-A012-357F-4E2A64740ED3}.Release|x64.ActiveCfg = Release|Any CPU
		{13586DED-698B-A012-357F-4E2A64740ED3}.Release|x64.Build.0 = Release|Any CPU
		{13586DED-698B-A012-357F-4E2A64740ED3}.Release|x86.ActiveCfg = Release|Any CPU
		{13586DED-698B-A012-357F-4E2A64740ED3}.Release|x86.Build.0 = Release|Any CPU
		{28A149C3-60DB-2392-B446-314335A94648}.Debug|Any CPU.ActiveCfg = Debug|Any CPU
		{28A149C3-60DB-2392-B446-314335A94648}.Debug|Any CPU.Build.0 = Debug|Any CPU
		{28A149C3-60DB-2392-B446-314335A94648}.Debug|x64.ActiveCfg = Debug|Any CPU
		{28A149C3-60DB-2392-B446-314335A94648}.Debug|x64.Build.0 = Debug|Any CPU
		{28A149C3-60DB-2392-B446-314335A94648}.Debug|x86.ActiveCfg = Debug|Any CPU
		{28A149C3-60DB-2392-B446-314335A94648}.Debug|x86.Build.0 = Debug|Any CPU
		{28A149C3-60DB-2392-B446-314335A94648}.Release|Any CPU.ActiveCfg = Release|Any CPU
		{28A149C3-60DB-2392-B446-314335A94648}.Release|Any CPU.Build.0 = Release|Any CPU
		{28A149C3-60DB-2392-B446-314335A94648}.Release|x64.ActiveCfg = Release|Any CPU
		{28A149C3-60DB-2392-B446-314335A94648}.Release|x64.Build.0 = Release|Any CPU
		{28A149C3-60DB-2392-B446-314335A94648}.Release|x86.ActiveCfg = Release|Any CPU
		{28A149C3-60DB-2392-B446-314335A94648}.Release|x86.Build.0 = Release|Any CPU
		{DC1379E1-A04A-4A9A-B2D5-B98AEABD5B7C}.Debug|Any CPU.ActiveCfg = Debug|Any CPU
		{DC1379E1-A04A-4A9A-B2D5-B98AEABD5B7C}.Debug|Any CPU.Build.0 = Debug|Any CPU
		{DC1379E1-A04A-4A9A-B2D5-B98AEABD5B7C}.Debug|x64.ActiveCfg = Debug|Any CPU
		{DC1379E1-A04A-4A9A-B2D5-B98AEABD5B7C}.Debug|x64.Build.0 = Debug|Any CPU
		{DC1379E1-A04A-4A9A-B2D5-B98AEABD5B7C}.Debug|x86.ActiveCfg = Debug|Any CPU
		{DC1379E1-A04A-4A9A-B2D5-B98AEABD5B7C}.Debug|x86.Build.0 = Debug|Any CPU
		{DC1379E1-A04A-4A9A-B2D5-B98AEABD5B7C}.Release|Any CPU.ActiveCfg = Release|Any CPU
		{DC1379E1-A04A-4A9A-B2D5-B98AEABD5B7C}.Release|Any CPU.Build.0 = Release|Any CPU
		{DC1379E1-A04A-4A9A-B2D5-B98AEABD5B7C}.Release|x64.ActiveCfg = Release|Any CPU
		{DC1379E1-A04A-4A9A-B2D5-B98AEABD5B7C}.Release|x64.Build.0 = Release|Any CPU
		{DC1379E1-A04A-4A9A-B2D5-B98AEABD5B7C}.Release|x86.ActiveCfg = Release|Any CPU
		{DC1379E1-A04A-4A9A-B2D5-B98AEABD5B7C}.Release|x86.Build.0 = Release|Any CPU
		{7B0AC2FB-C97C-4FD8-AE4E-82DCC4CDA8D2}.Debug|Any CPU.ActiveCfg = Debug|Any CPU
		{7B0AC2FB-C97C-4FD8-AE4E-82DCC4CDA8D2}.Debug|Any CPU.Build.0 = Debug|Any CPU
		{7B0AC2FB-C97C-4FD8-AE4E-82DCC4CDA8D2}.Debug|x64.ActiveCfg = Debug|Any CPU
		{7B0AC2FB-C97C-4FD8-AE4E-82DCC4CDA8D2}.Debug|x64.Build.0 = Debug|Any CPU
		{7B0AC2FB-C97C-4FD8-AE4E-82DCC4CDA8D2}.Debug|x86.ActiveCfg = Debug|Any CPU
		{7B0AC2FB-C97C-4FD8-AE4E-82DCC4CDA8D2}.Debug|x86.Build.0 = Debug|Any CPU
		{7B0AC2FB-C97C-4FD8-AE4E-82DCC4CDA8D2}.Release|Any CPU.ActiveCfg = Release|Any CPU
		{7B0AC2FB-C97C-4FD8-AE4E-82DCC4CDA8D2}.Release|Any CPU.Build.0 = Release|Any CPU
		{7B0AC2FB-C97C-4FD8-AE4E-82DCC4CDA8D2}.Release|x64.ActiveCfg = Release|Any CPU
		{7B0AC2FB-C97C-4FD8-AE4E-82DCC4CDA8D2}.Release|x64.Build.0 = Release|Any CPU
		{7B0AC2FB-C97C-4FD8-AE4E-82DCC4CDA8D2}.Release|x86.ActiveCfg = Release|Any CPU
		{7B0AC2FB-C97C-4FD8-AE4E-82DCC4CDA8D2}.Release|x86.Build.0 = Release|Any CPU
		{A32D60DD-BF6F-4FB2-83B7-53A0493041F6}.Debug|Any CPU.ActiveCfg = Debug|Any CPU
		{A32D60DD-BF6F-4FB2-83B7-53A0493041F6}.Debug|Any CPU.Build.0 = Debug|Any CPU
		{A32D60DD-BF6F-4FB2-83B7-53A0493041F6}.Debug|x64.ActiveCfg = Debug|Any CPU
		{A32D60DD-BF6F-4FB2-83B7-53A0493041F6}.Debug|x64.Build.0 = Debug|Any CPU
		{A32D60DD-BF6F-4FB2-83B7-53A0493041F6}.Debug|x86.ActiveCfg = Debug|Any CPU
		{A32D60DD-BF6F-4FB2-83B7-53A0493041F6}.Debug|x86.Build.0 = Debug|Any CPU
		{A32D60DD-BF6F-4FB2-83B7-53A0493041F6}.Release|Any CPU.ActiveCfg = Release|Any CPU
		{A32D60DD-BF6F-4FB2-83B7-53A0493041F6}.Release|Any CPU.Build.0 = Release|Any CPU
		{A32D60DD-BF6F-4FB2-83B7-53A0493041F6}.Release|x64.ActiveCfg = Release|Any CPU
		{A32D60DD-BF6F-4FB2-83B7-53A0493041F6}.Release|x64.Build.0 = Release|Any CPU
		{A32D60DD-BF6F-4FB2-83B7-53A0493041F6}.Release|x86.ActiveCfg = Release|Any CPU
		{A32D60DD-BF6F-4FB2-83B7-53A0493041F6}.Release|x86.Build.0 = Release|Any CPU
		{9E5F2CC6-3EEB-4A7F-AE9F-6308E4C369D9}.Debug|Any CPU.ActiveCfg = Debug|Any CPU
		{9E5F2CC6-3EEB-4A7F-AE9F-6308E4C369D9}.Debug|Any CPU.Build.0 = Debug|Any CPU
		{9E5F2CC6-3EEB-4A7F-AE9F-6308E4C369D9}.Debug|x64.ActiveCfg = Debug|Any CPU
		{9E5F2CC6-3EEB-4A7F-AE9F-6308E4C369D9}.Debug|x64.Build.0 = Debug|Any CPU
		{9E5F2CC6-3EEB-4A7F-AE9F-6308E4C369D9}.Debug|x86.ActiveCfg = Debug|Any CPU
		{9E5F2CC6-3EEB-4A7F-AE9F-6308E4C369D9}.Debug|x86.Build.0 = Debug|Any CPU
		{9E5F2CC6-3EEB-4A7F-AE9F-6308E4C369D9}.Release|Any CPU.ActiveCfg = Release|Any CPU
		{9E5F2CC6-3EEB-4A7F-AE9F-6308E4C369D9}.Release|Any CPU.Build.0 = Release|Any CPU
		{9E5F2CC6-3EEB-4A7F-AE9F-6308E4C369D9}.Release|x64.ActiveCfg = Release|Any CPU
		{9E5F2CC6-3EEB-4A7F-AE9F-6308E4C369D9}.Release|x64.Build.0 = Release|Any CPU
		{9E5F2CC6-3EEB-4A7F-AE9F-6308E4C369D9}.Release|x86.ActiveCfg = Release|Any CPU
		{9E5F2CC6-3EEB-4A7F-AE9F-6308E4C369D9}.Release|x86.Build.0 = Release|Any CPU
		{34802BFB-DD8B-4EA0-9C93-58DD015B2956}.Debug|Any CPU.ActiveCfg = Debug|Any CPU
		{34802BFB-DD8B-4EA0-9C93-58DD015B2956}.Debug|Any CPU.Build.0 = Debug|Any CPU
		{34802BFB-DD8B-4EA0-9C93-58DD015B2956}.Debug|x64.ActiveCfg = Debug|Any CPU
		{34802BFB-DD8B-4EA0-9C93-58DD015B2956}.Debug|x64.Build.0 = Debug|Any CPU
		{34802BFB-DD8B-4EA0-9C93-58DD015B2956}.Debug|x86.ActiveCfg = Debug|Any CPU
		{34802BFB-DD8B-4EA0-9C93-58DD015B2956}.Debug|x86.Build.0 = Debug|Any CPU
		{34802BFB-DD8B-4EA0-9C93-58DD015B2956}.Release|Any CPU.ActiveCfg = Release|Any CPU
		{34802BFB-DD8B-4EA0-9C93-58DD015B2956}.Release|Any CPU.Build.0 = Release|Any CPU
		{34802BFB-DD8B-4EA0-9C93-58DD015B2956}.Release|x64.ActiveCfg = Release|Any CPU
		{34802BFB-DD8B-4EA0-9C93-58DD015B2956}.Release|x64.Build.0 = Release|Any CPU
		{34802BFB-DD8B-4EA0-9C93-58DD015B2956}.Release|x86.ActiveCfg = Release|Any CPU
		{34802BFB-DD8B-4EA0-9C93-58DD015B2956}.Release|x86.Build.0 = Release|Any CPU
	EndGlobalSection
	GlobalSection(SolutionProperties) = preSolution
		HideSolutionNode = FALSE
	EndGlobalSection
	GlobalSection(NestedProjects) = preSolution
		{13586DED-698B-A012-357F-4E2A64740ED3} = {D6782A36-904B-B642-DAE8-1EC182D14F10}
		{28A149C3-60DB-2392-B446-314335A94648} = {D6782A36-904B-B642-DAE8-1EC182D14F10}
		{DC1379E1-A04A-4A9A-B2D5-B98AEABD5B7C} = {86FFF915-A70D-6D22-BBC9-936E523449E4}
		{7B0AC2FB-C97C-4FD8-AE4E-82DCC4CDA8D2} = {86FFF915-A70D-6D22-BBC9-936E523449E4}
		{A32D60DD-BF6F-4FB2-83B7-53A0493041F6} = {C9C22370-D9A2-AC29-050F-7139BECDFD26}
		{9E5F2CC6-3EEB-4A7F-AE9F-6308E4C369D9} = {C9C22370-D9A2-AC29-050F-7139BECDFD26}
		{34802BFB-DD8B-4EA0-9C93-58DD015B2956} = {C9C22370-D9A2-AC29-050F-7139BECDFD26}
	EndGlobalSection
	GlobalSection(ExtensibilityGlobals) = postSolution
		SolutionGuid = {08C29DEB-2CCF-4D10-AFA5-8AA27DD8C888}
	EndGlobalSection
EndGlobal
