Microsoft Visual Studio Solution File, Format Version 12.00
# Visual Studio Version 17
VisualStudioVersion = 17.5.2.0
MinimumVisualStudioVersion = 10.0.40219.1
Project("{2150E333-8FDC-42A3-9474-1A3956D46DE8}") = "Aula2", "Aula2", "{D6782A36-904B-B642-DAE8-1EC182D14F10}"
EndProject
Project("{FAE04EC0-301F-11D3-BF4B-00C04F79EFBC}") = "Funcionario", "Aula2\Funcionario\Funcionario.csproj", "{13586DED-698B-A012-357F-4E2A64740ED3}"
EndProject
Project("{FAE04EC0-301F-11D3-BF4B-00C04F79EFBC}") = "Pecas", "Aula2\Pecas\Pecas.csproj", "{28A149C3-60DB-2392-B446-314335A94648}"
EndProject
Global
	GlobalSection(SolutionConfigurationPlatforms) = preSolution
		Debug|Any CPU = Debug|Any CPU
		Release|Any CPU = Release|Any CPU
	EndGlobalSection
	GlobalSection(ProjectConfigurationPlatforms) = postSolution
		{13586DED-698B-A012-357F-4E2A64740ED3}.Debug|Any CPU.ActiveCfg = Debug|Any CPU
		{13586DED-698B-A012-357F-4E2A64740ED3}.Debug|Any CPU.Build.0 = Debug|Any CPU
		{13586DED-698B-A012-357F-4E2A64740ED3}.Release|Any CPU.ActiveCfg = Release|Any CPU
		{13586DED-698B-A012-357F-4E2A64740ED3}.Release|Any CPU.Build.0 = Release|Any CPU
		{28A149C3-60DB-2392-B446-314335A94648}.Debug|Any CPU.ActiveCfg = Debug|Any CPU
		{28A149C3-60DB-2392-B446-314335A94648}.Debug|Any CPU.Build.0 = Debug|Any CPU
		{28A149C3-60DB-2392-B446-314335A94648}.Release|Any CPU.ActiveCfg = Release|Any CPU
		{28A149C3-60DB-2392-B446-314335A94648}.Release|Any CPU.Build.0 = Release|Any CPU
	EndGlobalSection
	GlobalSection(SolutionProperties) = preSolution
		HideSolutionNode = FALSE
	EndGlobalSection
	GlobalSection(NestedProjects) = preSolution
		{13586DED-698B-A012-357F-4E2A64740ED3} = {D6782A36-904B-B642-DAE8-1EC182D14F10}
		{28A149C3-60DB-2392-B446-314335A94648} = {D6782A36-904B-B642-DAE8-1EC182D14F10}
	EndGlobalSection
	GlobalSection(ExtensibilityGlobals) = postSolution
		SolutionGuid = {08C29DEB-2CCF-4D10-AFA5-8AA27DD8C888}
	EndGlobalSection
EndGlobal
